
Microsoft Visual Studio Solution File, Format Version 12.00
# Visual Studio Version 17
VisualStudioVersion = 17.4.33122.133
MinimumVisualStudioVersion = 10.0.40219.1
Project("{2150E333-8FDC-42A3-9474-1A3956D46DE8}") = "Solution Items", "Solution Items", "{C5E7A093-FFF7-45CC-9D23-4471E0512D61}"
	ProjectSection(SolutionItems) = preProject
		.editorconfig = .editorconfig
		Directory.Build.props = Directory.Build.props
		Directory.Packages.props = Directory.Packages.props
		global.json = global.json
		NuGet.Config = NuGet.Config
		version.json = version.json
	EndProjectSection
EndProject
Project("{9A19103F-16F7-4668-BE54-9A1E7A4F7556}") = "ZySharp.Workflows", "ZySharp.Workflows\ZySharp.Workflows.csproj", "{18675D52-CF3D-4893-BB20-41D5DFEBF6C8}"
EndProject
Project("{9A19103F-16F7-4668-BE54-9A1E7A4F7556}") = "ZySharp.Workflows.Examples", "ZySharp.Workflows.Examples\ZySharp.Workflows.Examples.csproj", "{58E6ACF6-9562-45CE-80C1-413ACE05DFED}"
EndProject
Project("{9A19103F-16F7-4668-BE54-9A1E7A4F7556}") = "ZySharp.Workflows.Tests", "ZySharp.Workflows.Tests\ZySharp.Workflows.Tests.csproj", "{7545D8BD-92AB-4CA0-B8EE-1CE65CF84FBE}"
EndProject
Global
	GlobalSection(SolutionConfigurationPlatforms) = preSolution
		Debug|Any CPU = Debug|Any CPU
		Release|Any CPU = Release|Any CPU
	EndGlobalSection
	GlobalSection(ProjectConfigurationPlatforms) = postSolution
		{18675D52-CF3D-4893-BB20-41D5DFEBF6C8}.Debug|Any CPU.ActiveCfg = Debug|Any CPU
		{18675D52-CF3D-4893-BB20-41D5DFEBF6C8}.Debug|Any CPU.Build.0 = Debug|Any CPU
		{18675D52-CF3D-4893-BB20-41D5DFEBF6C8}.Release|Any CPU.ActiveCfg = Release|Any CPU
		{18675D52-CF3D-4893-BB20-41D5DFEBF6C8}.Release|Any CPU.Build.0 = Release|Any CPU
		{58E6ACF6-9562-45CE-80C1-413ACE05DFED}.Debug|Any CPU.ActiveCfg = Debug|Any CPU
		{58E6ACF6-9562-45CE-80C1-413ACE05DFED}.Debug|Any CPU.Build.0 = Debug|Any CPU
		{58E6ACF6-9562-45CE-80C1-413ACE05DFED}.Release|Any CPU.ActiveCfg = Release|Any CPU
		{58E6ACF6-9562-45CE-80C1-413ACE05DFED}.Release|Any CPU.Build.0 = Release|Any CPU
		{7545D8BD-92AB-4CA0-B8EE-1CE65CF84FBE}.Debug|Any CPU.ActiveCfg = Debug|Any CPU
		{7545D8BD-92AB-4CA0-B8EE-1CE65CF84FBE}.Debug|Any CPU.Build.0 = Debug|Any CPU
		{7545D8BD-92AB-4CA0-B8EE-1CE65CF84FBE}.Release|Any CPU.ActiveCfg = Release|Any CPU
		{7545D8BD-92AB-4CA0-B8EE-1CE65CF84FBE}.Release|Any CPU.Build.0 = Release|Any CPU
	EndGlobalSection
	GlobalSection(SolutionProperties) = preSolution
		HideSolutionNode = FALSE
	EndGlobalSection
	GlobalSection(ExtensibilityGlobals) = postSolution
		SolutionGuid = {D83CD579-236A-4322-B7B1-078E36B7FA39}
	EndGlobalSection
EndGlobal
